// !$*UTF8*$!
{
	archiveVersion = 1;
	classes = {
	};
	objectVersion = 48;
	objects = {

/* Begin PBXBuildFile section */
		B99503E420B0C51C6BA5F8EF /* Pods_TwitterClone.framework in Frameworks */ = {isa = PBXBuildFile; fileRef = B0D423B2104793D1FAB84142 /* Pods_TwitterClone.framework */; };
		DB48D2F7201AD73400A09429 /* AppDelegate.swift in Sources */ = {isa = PBXBuildFile; fileRef = DB48D2F6201AD73400A09429 /* AppDelegate.swift */; };
		DB48D2FE201AD73400A09429 /* Assets.xcassets in Resources */ = {isa = PBXBuildFile; fileRef = DB48D2FD201AD73400A09429 /* Assets.xcassets */; };
		DB48D301201AD73400A09429 /* LaunchScreen.storyboard in Resources */ = {isa = PBXBuildFile; fileRef = DB48D2FF201AD73400A09429 /* LaunchScreen.storyboard */; };
		DB48D309201AD88400A09429 /* HomeController.swift in Sources */ = {isa = PBXBuildFile; fileRef = DB48D308201AD88400A09429 /* HomeController.swift */; };
		DB48D30B201AE0AC00A09429 /* HomeDatasourceController.swift in Sources */ = {isa = PBXBuildFile; fileRef = DB48D30A201AE0AC00A09429 /* HomeDatasourceController.swift */; };
		DB48D310201AE60700A09429 /* UserHeaderFooter.swift in Sources */ = {isa = PBXBuildFile; fileRef = DB48D30F201AE60700A09429 /* UserHeaderFooter.swift */; };
		DB48D312201AE65A00A09429 /* HomeDatasource.swift in Sources */ = {isa = PBXBuildFile; fileRef = DB48D311201AE65A00A09429 /* HomeDatasource.swift */; };
		DB48D314201BA09C00A09429 /* User.swift in Sources */ = {isa = PBXBuildFile; fileRef = DB48D313201BA09C00A09429 /* User.swift */; };
		DB48D316201BA48800A09429 /* UserCell.swift in Sources */ = {isa = PBXBuildFile; fileRef = DB48D315201BA48800A09429 /* UserCell.swift */; };
/* End PBXBuildFile section */

/* Begin PBXFileReference section */
		06C215759221C353F272320B /* Pods-TwitterClone.debug.xcconfig */ = {isa = PBXFileReference; includeInIndex = 1; lastKnownFileType = text.xcconfig; name = "Pods-TwitterClone.debug.xcconfig"; path = "Pods/Target Support Files/Pods-TwitterClone/Pods-TwitterClone.debug.xcconfig"; sourceTree = "<group>"; };
		29FFC7FCFDF1994253D9E286 /* Pods-TwitterClone.release.xcconfig */ = {isa = PBXFileReference; includeInIndex = 1; lastKnownFileType = text.xcconfig; name = "Pods-TwitterClone.release.xcconfig"; path = "Pods/Target Support Files/Pods-TwitterClone/Pods-TwitterClone.release.xcconfig"; sourceTree = "<group>"; };
		B0D423B2104793D1FAB84142 /* Pods_TwitterClone.framework */ = {isa = PBXFileReference; explicitFileType = wrapper.framework; includeInIndex = 0; path = Pods_TwitterClone.framework; sourceTree = BUILT_PRODUCTS_DIR; };
		DB48D2F3201AD73400A09429 /* TwitterClone.app */ = {isa = PBXFileReference; explicitFileType = wrapper.application; includeInIndex = 0; path = TwitterClone.app; sourceTree = BUILT_PRODUCTS_DIR; };
		DB48D2F6201AD73400A09429 /* AppDelegate.swift */ = {isa = PBXFileReference; lastKnownFileType = sourcecode.swift; path = AppDelegate.swift; sourceTree = "<group>"; };
		DB48D2FD201AD73400A09429 /* Assets.xcassets */ = {isa = PBXFileReference; lastKnownFileType = folder.assetcatalog; path = Assets.xcassets; sourceTree = "<group>"; };
		DB48D300201AD73400A09429 /* Base */ = {isa = PBXFileReference; lastKnownFileType = file.storyboard; name = Base; path = Base.lproj/LaunchScreen.storyboard; sourceTree = "<group>"; };
		DB48D302201AD73400A09429 /* Info.plist */ = {isa = PBXFileReference; lastKnownFileType = text.plist.xml; path = Info.plist; sourceTree = "<group>"; };
		DB48D308201AD88400A09429 /* HomeController.swift */ = {isa = PBXFileReference; lastKnownFileType = sourcecode.swift; path = HomeController.swift; sourceTree = "<group>"; };
		DB48D30A201AE0AC00A09429 /* HomeDatasourceController.swift */ = {isa = PBXFileReference; lastKnownFileType = sourcecode.swift; path = HomeDatasourceController.swift; sourceTree = "<group>"; };
		DB48D30F201AE60700A09429 /* UserHeaderFooter.swift */ = {isa = PBXFileReference; lastKnownFileType = sourcecode.swift; path = UserHeaderFooter.swift; sourceTree = "<group>"; };
		DB48D311201AE65A00A09429 /* HomeDatasource.swift */ = {isa = PBXFileReference; lastKnownFileType = sourcecode.swift; path = HomeDatasource.swift; sourceTree = "<group>"; };
		DB48D313201BA09C00A09429 /* User.swift */ = {isa = PBXFileReference; lastKnownFileType = sourcecode.swift; path = User.swift; sourceTree = "<group>"; };
		DB48D315201BA48800A09429 /* UserCell.swift */ = {isa = PBXFileReference; lastKnownFileType = sourcecode.swift; path = UserCell.swift; sourceTree = "<group>"; };
/* End PBXFileReference section */

/* Begin PBXFrameworksBuildPhase section */
		DB48D2F0201AD73300A09429 /* Frameworks */ = {
			isa = PBXFrameworksBuildPhase;
			buildActionMask = 2147483647;
			files = (
				B99503E420B0C51C6BA5F8EF /* Pods_TwitterClone.framework in Frameworks */,
			);
			runOnlyForDeploymentPostprocessing = 0;
		};
/* End PBXFrameworksBuildPhase section */

/* Begin PBXGroup section */
		DB48D2EA201AD73300A09429 = {
			isa = PBXGroup;
			children = (
				DB48D2F5201AD73400A09429 /* TwitterClone */,
				DB48D2F4201AD73400A09429 /* Products */,
				E1D193118B77E42B13EED0C4 /* Pods */,
				FDD9F711930C843AE4EDCB17 /* Frameworks */,
			);
			sourceTree = "<group>";
		};
		DB48D2F4201AD73400A09429 /* Products */ = {
			isa = PBXGroup;
			children = (
				DB48D2F3201AD73400A09429 /* TwitterClone.app */,
			);
			name = Products;
			sourceTree = "<group>";
		};
		DB48D2F5201AD73400A09429 /* TwitterClone */ = {
			isa = PBXGroup;
			children = (
				DB48D30E201AE5E900A09429 /* View */,
				DB48D30D201AE5DD00A09429 /* Model */,
				DB48D30C201AE5D000A09429 /* Controller */,
				DB48D2F6201AD73400A09429 /* AppDelegate.swift */,
				DB48D308201AD88400A09429 /* HomeController.swift */,
				DB48D2FD201AD73400A09429 /* Assets.xcassets */,
				DB48D2FF201AD73400A09429 /* LaunchScreen.storyboard */,
				DB48D302201AD73400A09429 /* Info.plist */,
			);
			path = TwitterClone;
			sourceTree = "<group>";
		};
		DB48D30C201AE5D000A09429 /* Controller */ = {
			isa = PBXGroup;
			children = (
				DB48D30A201AE0AC00A09429 /* HomeDatasourceController.swift */,
			);
			path = Controller;
			sourceTree = "<group>";
		};
		DB48D30D201AE5DD00A09429 /* Model */ = {
			isa = PBXGroup;
			children = (
				DB48D311201AE65A00A09429 /* HomeDatasource.swift */,
				DB48D313201BA09C00A09429 /* User.swift */,
			);
			path = Model;
			sourceTree = "<group>";
		};
		DB48D30E201AE5E900A09429 /* View */ = {
			isa = PBXGroup;
			children = (
				DB48D30F201AE60700A09429 /* UserHeaderFooter.swift */,
				DB48D315201BA48800A09429 /* UserCell.swift */,
			);
			path = View;
			sourceTree = "<group>";
		};
		E1D193118B77E42B13EED0C4 /* Pods */ = {
			isa = PBXGroup;
			children = (
				06C215759221C353F272320B /* Pods-TwitterClone.debug.xcconfig */,
				29FFC7FCFDF1994253D9E286 /* Pods-TwitterClone.release.xcconfig */,
			);
			name = Pods;
			sourceTree = "<group>";
		};
		FDD9F711930C843AE4EDCB17 /* Frameworks */ = {
			isa = PBXGroup;
			children = (
				B0D423B2104793D1FAB84142 /* Pods_TwitterClone.framework */,
			);
			name = Frameworks;
			sourceTree = "<group>";
		};
/* End PBXGroup section */

/* Begin PBXNativeTarget section */
		DB48D2F2201AD73300A09429 /* TwitterClone */ = {
			isa = PBXNativeTarget;
			buildConfigurationList = DB48D305201AD73400A09429 /* Build configuration list for PBXNativeTarget "TwitterClone" */;
			buildPhases = (
				3E40F01D738362AEBC025724 /* [CP] Check Pods Manifest.lock */,
				DB48D2EF201AD73300A09429 /* Sources */,
				DB48D2F0201AD73300A09429 /* Frameworks */,
				DB48D2F1201AD73300A09429 /* Resources */,
				09D2800B6C4FF2C1AB333755 /* [CP] Embed Pods Frameworks */,
				F6C80A2064A008DBFA2FC6D4 /* [CP] Copy Pods Resources */,
			);
			buildRules = (
			);
			dependencies = (
			);
			name = TwitterClone;
			productName = TwitterClone;
			productReference = DB48D2F3201AD73400A09429 /* TwitterClone.app */;
			productType = "com.apple.product-type.application";
		};
/* End PBXNativeTarget section */

/* Begin PBXProject section */
		DB48D2EB201AD73300A09429 /* Project object */ = {
			isa = PBXProject;
			attributes = {
				LastSwiftUpdateCheck = 0920;
				LastUpgradeCheck = 0920;
				ORGANIZATIONNAME = "Weijie Lin";
				TargetAttributes = {
					DB48D2F2201AD73300A09429 = {
						CreatedOnToolsVersion = 9.2;
						ProvisioningStyle = Automatic;
					};
				};
			};
			buildConfigurationList = DB48D2EE201AD73300A09429 /* Build configuration list for PBXProject "TwitterClone" */;
			compatibilityVersion = "Xcode 8.0";
			developmentRegion = en;
			hasScannedForEncodings = 0;
			knownRegions = (
				en,
				Base,
			);
			mainGroup = DB48D2EA201AD73300A09429;
			productRefGroup = DB48D2F4201AD73400A09429 /* Products */;
			projectDirPath = "";
			projectRoot = "";
			targets = (
				DB48D2F2201AD73300A09429 /* TwitterClone */,
			);
		};
/* End PBXProject section */

/* Begin PBXResourcesBuildPhase section */
		DB48D2F1201AD73300A09429 /* Resources */ = {
			isa = PBXResourcesBuildPhase;
			buildActionMask = 2147483647;
			files = (
				DB48D301201AD73400A09429 /* LaunchScreen.storyboard in Resources */,
				DB48D2FE201AD73400A09429 /* Assets.xcassets in Resources */,
			);
			runOnlyForDeploymentPostprocessing = 0;
		};
/* End PBXResourcesBuildPhase section */

/* Begin PBXShellScriptBuildPhase section */
		09D2800B6C4FF2C1AB333755 /* [CP] Embed Pods Frameworks */ = {
			isa = PBXShellScriptBuildPhase;
			buildActionMask = 2147483647;
			files = (
			);
			inputPaths = (
				"${SRCROOT}/Pods/Target Support Files/Pods-TwitterClone/Pods-TwitterClone-frameworks.sh",
				"${BUILT_PRODUCTS_DIR}/LBTAComponents/LBTAComponents.framework",
			);
			name = "[CP] Embed Pods Frameworks";
			outputPaths = (
				"${TARGET_BUILD_DIR}/${FRAMEWORKS_FOLDER_PATH}/LBTAComponents.framework",
			);
			runOnlyForDeploymentPostprocessing = 0;
			shellPath = /bin/sh;
			shellScript = "\"${SRCROOT}/Pods/Target Support Files/Pods-TwitterClone/Pods-TwitterClone-frameworks.sh\"\n";
			showEnvVarsInLog = 0;
		};
		3E40F01D738362AEBC025724 /* [CP] Check Pods Manifest.lock */ = {
			isa = PBXShellScriptBuildPhase;
			buildActionMask = 2147483647;
			files = (
			);
			inputPaths = (
				"${PODS_PODFILE_DIR_PATH}/Podfile.lock",
				"${PODS_ROOT}/Manifest.lock",
			);
			name = "[CP] Check Pods Manifest.lock";
			outputPaths = (
				"$(DERIVED_FILE_DIR)/Pods-TwitterClone-checkManifestLockResult.txt",
			);
			runOnlyForDeploymentPostprocessing = 0;
			shellPath = /bin/sh;
			shellScript = "diff \"${PODS_PODFILE_DIR_PATH}/Podfile.lock\" \"${PODS_ROOT}/Manifest.lock\" > /dev/null\nif [ $? != 0 ] ; then\n    # print error to STDERR\n    echo \"error: The sandbox is not in sync with the Podfile.lock. Run 'pod install' or update your CocoaPods installation.\" >&2\n    exit 1\nfi\n# This output is used by Xcode 'outputs' to avoid re-running this script phase.\necho \"SUCCESS\" > \"${SCRIPT_OUTPUT_FILE_0}\"\n";
			showEnvVarsInLog = 0;
		};
		F6C80A2064A008DBFA2FC6D4 /* [CP] Copy Pods Resources */ = {
			isa = PBXShellScriptBuildPhase;
			buildActionMask = 2147483647;
			files = (
			);
			inputPaths = (
			);
			name = "[CP] Copy Pods Resources";
			outputPaths = (
			);
			runOnlyForDeploymentPostprocessing = 0;
			shellPath = /bin/sh;
			shellScript = "\"${SRCROOT}/Pods/Target Support Files/Pods-TwitterClone/Pods-TwitterClone-resources.sh\"\n";
			showEnvVarsInLog = 0;
		};
/* End PBXShellScriptBuildPhase section */

/* Begin PBXSourcesBuildPhase section */
		DB48D2EF201AD73300A09429 /* Sources */ = {
			isa = PBXSourcesBuildPhase;
			buildActionMask = 2147483647;
			files = (
				DB48D312201AE65A00A09429 /* HomeDatasource.swift in Sources */,
				DB48D2F7201AD73400A09429 /* AppDelegate.swift in Sources */,
				DB48D314201BA09C00A09429 /* User.swift in Sources */,
				DB48D310201AE60700A09429 /* UserHeaderFooter.swift in Sources */,
				DB48D30B201AE0AC00A09429 /* HomeDatasourceController.swift in Sources */,
				DB48D309201AD88400A09429 /* HomeController.swift in Sources */,
				DB48D316201BA48800A09429 /* UserCell.swift in Sources */,
			);
			runOnlyForDeploymentPostprocessing = 0;
		};
/* End PBXSourcesBuildPhase section */

/* Begin PBXVariantGroup section */
		DB48D2FF201AD73400A09429 /* LaunchScreen.storyboard */ = {
			isa = PBXVariantGroup;
			children = (
				DB48D300201AD73400A09429 /* Base */,
			);
			name = LaunchScreen.storyboard;
			sourceTree = "<group>";
		};
/* End PBXVariantGroup section */

/* Begin XCBuildConfiguration section */
		DB48D303201AD73400A09429 /* Debug */ = {
			isa = XCBuildConfiguration;
			buildSettings = {
				ALWAYS_SEARCH_USER_PATHS = NO;
				CLANG_ANALYZER_NONNULL = YES;
				CLANG_ANALYZER_NUMBER_OBJECT_CONVERSION = YES_AGGRESSIVE;
				CLANG_CXX_LANGUAGE_STANDARD = "gnu++14";
				CLANG_CXX_LIBRARY = "libc++";
				CLANG_ENABLE_MODULES = YES;
				CLANG_ENABLE_OBJC_ARC = YES;
				CLANG_WARN_BLOCK_CAPTURE_AUTORELEASING = YES;
				CLANG_WARN_BOOL_CONVERSION = YES;
				CLANG_WARN_COMMA = YES;
				CLANG_WARN_CONSTANT_CONVERSION = YES;
				CLANG_WARN_DIRECT_OBJC_ISA_USAGE = YES_ERROR;
				CLANG_WARN_DOCUMENTATION_COMMENTS = YES;
				CLANG_WARN_EMPTY_BODY = YES;
				CLANG_WARN_ENUM_CONVERSION = YES;
				CLANG_WARN_INFINITE_RECURSION = YES;
				CLANG_WARN_INT_CONVERSION = YES;
				CLANG_WARN_NON_LITERAL_NULL_CONVERSION = YES;
				CLANG_WARN_OBJC_LITERAL_CONVERSION = YES;
				CLANG_WARN_OBJC_ROOT_CLASS = YES_ERROR;
				CLANG_WARN_RANGE_LOOP_ANALYSIS = YES;
				CLANG_WARN_STRICT_PROTOTYPES = YES;
				CLANG_WARN_SUSPICIOUS_MOVE = YES;
				CLANG_WARN_UNGUARDED_AVAILABILITY = YES_AGGRESSIVE;
				CLANG_WARN_UNREACHABLE_CODE = YES;
				CLANG_WARN__DUPLICATE_METHOD_MATCH = YES;
				CODE_SIGN_IDENTITY = "iPhone Developer";
				COPY_PHASE_STRIP = NO;
				DEBUG_INFORMATION_FORMAT = dwarf;
				ENABLE_STRICT_OBJC_MSGSEND = YES;
				ENABLE_TESTABILITY = YES;
				GCC_C_LANGUAGE_STANDARD = gnu11;
				GCC_DYNAMIC_NO_PIC = NO;
				GCC_NO_COMMON_BLOCKS = YES;
				GCC_OPTIMIZATION_LEVEL = 0;
				GCC_PREPROCESSOR_DEFINITIONS = (
					"DEBUG=1",
					"$(inherited)",
				);
				GCC_WARN_64_TO_32_BIT_CONVERSION = YES;
				GCC_WARN_ABOUT_RETURN_TYPE = YES_ERROR;
				GCC_WARN_UNDECLARED_SELECTOR = YES;
				GCC_WARN_UNINITIALIZED_AUTOS = YES_AGGRESSIVE;
				GCC_WARN_UNUSED_FUNCTION = YES;
				GCC_WARN_UNUSED_VARIABLE = YES;
				IPHONEOS_DEPLOYMENT_TARGET = 11.2;
				MTL_ENABLE_DEBUG_INFO = YES;
				ONLY_ACTIVE_ARCH = YES;
				SDKROOT = iphoneos;
				SWIFT_ACTIVE_COMPILATION_CONDITIONS = DEBUG;
				SWIFT_OPTIMIZATION_LEVEL = "-Onone";
			};
			name = Debug;
		};
		DB48D304201AD73400A09429 /* Release */ = {
			isa = XCBuildConfiguration;
			buildSettings = {
				ALWAYS_SEARCH_USER_PATHS = NO;
				CLANG_ANALYZER_NONNULL = YES;
				CLANG_ANALYZER_NUMBER_OBJECT_CONVERSION = YES_AGGRESSIVE;
				CLANG_CXX_LANGUAGE_STANDARD = "gnu++14";
				CLANG_CXX_LIBRARY = "libc++";
				CLANG_ENABLE_MODULES = YES;
				CLANG_ENABLE_OBJC_ARC = YES;
				CLANG_WARN_BLOCK_CAPTURE_AUTORELEASING = YES;
				CLANG_WARN_BOOL_CONVERSION = YES;
				CLANG_WARN_COMMA = YES;
				CLANG_WARN_CONSTANT_CONVERSION = YES;
				CLANG_WARN_DIRECT_OBJC_ISA_USAGE = YES_ERROR;
				CLANG_WARN_DOCUMENTATION_COMMENTS = YES;
				CLANG_WARN_EMPTY_BODY = YES;
				CLANG_WARN_ENUM_CONVERSION = YES;
				CLANG_WARN_INFINITE_RECURSION = YES;
				CLANG_WARN_INT_CONVERSION = YES;
				CLANG_WARN_NON_LITERAL_NULL_CONVERSION = YES;
				CLANG_WARN_OBJC_LITERAL_CONVERSION = YES;
				CLANG_WARN_OBJC_ROOT_CLASS = YES_ERROR;
				CLANG_WARN_RANGE_LOOP_ANALYSIS = YES;
				CLANG_WARN_STRICT_PROTOTYPES = YES;
				CLANG_WARN_SUSPICIOUS_MOVE = YES;
				CLANG_WARN_UNGUARDED_AVAILABILITY = YES_AGGRESSIVE;
				CLANG_WARN_UNREACHABLE_CODE = YES;
				CLANG_WARN__DUPLICATE_METHOD_MATCH = YES;
				CODE_SIGN_IDENTITY = "iPhone Developer";
				COPY_PHASE_STRIP = NO;
				DEBUG_INFORMATION_FORMAT = "dwarf-with-dsym";
				ENABLE_NS_ASSERTIONS = NO;
				ENABLE_STRICT_OBJC_MSGSEND = YES;
				GCC_C_LANGUAGE_STANDARD = gnu11;
				GCC_NO_COMMON_BLOCKS = YES;
				GCC_WARN_64_TO_32_BIT_CONVERSION = YES;
				GCC_WARN_ABOUT_RETURN_TYPE = YES_ERROR;
				GCC_WARN_UNDECLARED_SELECTOR = YES;
				GCC_WARN_UNINITIALIZED_AUTOS = YES_AGGRESSIVE;
				GCC_WARN_UNUSED_FUNCTION = YES;
				GCC_WARN_UNUSED_VARIABLE = YES;
				IPHONEOS_DEPLOYMENT_TARGET = 11.2;
				MTL_ENABLE_DEBUG_INFO = NO;
				SDKROOT = iphoneos;
				SWIFT_OPTIMIZATION_LEVEL = "-Owholemodule";
				VALIDATE_PRODUCT = YES;
			};
			name = Release;
		};
		DB48D306201AD73400A09429 /* Debug */ = {
			isa = XCBuildConfiguration;
			baseConfigurationReference = 06C215759221C353F272320B /* Pods-TwitterClone.debug.xcconfig */;
			buildSettings = {
				ASSETCATALOG_COMPILER_APPICON_NAME = AppIcon;
				CODE_SIGN_STYLE = Automatic;
				DEVELOPMENT_TEAM = ZPWDFT65EV;
				INFOPLIST_FILE = TwitterClone/Info.plist;
				LD_RUNPATH_SEARCH_PATHS = "$(inherited) @executable_path/Frameworks";
				PRODUCT_BUNDLE_IDENTIFIER = me.weijielin.TwitterClone;
				PRODUCT_NAME = "$(TARGET_NAME)";
				SWIFT_VERSION = 4.0;
				TARGETED_DEVICE_FAMILY = "1,2";
			};
			name = Debug;
		};
		DB48D307201AD73400A09429 /* Release */ = {
			isa = XCBuildConfiguration;
			baseConfigurationReference = 29FFC7FCFDF1994253D9E286 /* Pods-TwitterClone.release.xcconfig */;
			buildSettings = {
				ASSETCATALOG_COMPILER_APPICON_NAME = AppIcon;
				CODE_SIGN_STYLE = Automatic;
				DEVELOPMENT_TEAM = ZPWDFT65EV;
				INFOPLIST_FILE = TwitterClone/Info.plist;
				LD_RUNPATH_SEARCH_PATHS = "$(inherited) @executable_path/Frameworks";
				PRODUCT_BUNDLE_IDENTIFIER = me.weijielin.TwitterClone;
				PRODUCT_NAME = "$(TARGET_NAME)";
				SWIFT_VERSION = 4.0;
				TARGETED_DEVICE_FAMILY = "1,2";
			};
			name = Release;
		};
/* End XCBuildConfiguration section */

/* Begin XCConfigurationList section */
		DB48D2EE201AD73300A09429 /* Build configuration list for PBXProject "TwitterClone" */ = {
			isa = XCConfigurationList;
			buildConfigurations = (
				DB48D303201AD73400A09429 /* Debug */,
				DB48D304201AD73400A09429 /* Release */,
			);
			defaultConfigurationIsVisible = 0;
			defaultConfigurationName = Release;
		};
		DB48D305201AD73400A09429 /* Build configuration list for PBXNativeTarget "TwitterClone" */ = {
			isa = XCConfigurationList;
			buildConfigurations = (
				DB48D306201AD73400A09429 /* Debug */,
				DB48D307201AD73400A09429 /* Release */,
			);
			defaultConfigurationIsVisible = 0;
			defaultConfigurationName = Release;
		};
/* End XCConfigurationList section */
	};
	rootObject = DB48D2EB201AD73300A09429 /* Project object */;
}
